{
    "_readme": [
        "This file locks the dependencies of your project to a known state",
        "Read more about it at https://getcomposer.org/doc/01-basic-usage.md#installing-dependencies",
        "This file is @generated automatically"
    ],
    "content-hash": "22e7f9e4beda4068bf1078f450d300b3",
    "packages": [
        {
            "name": "adbario/php-dot-notation",
            "version": "2.2.0",
            "source": {
                "type": "git",
                "url": "https://github.com/adbario/php-dot-notation.git",
                "reference": "eee4fc81296531e6aafba4c2bbccfc5adab1676e"
            },
            "dist": {
                "type": "zip",
                "url": "https://api.github.com/repos/adbario/php-dot-notation/zipball/eee4fc81296531e6aafba4c2bbccfc5adab1676e",
                "reference": "eee4fc81296531e6aafba4c2bbccfc5adab1676e",
                "shasum": ""
            },
            "require": {
                "ext-json": "*",
                "php": ">=5.5"
            },
            "require-dev": {
                "phpunit/phpunit": "^4.0|^5.0|^6.0",
                "squizlabs/php_codesniffer": "^3.0"
            },
            "type": "library",
            "autoload": {
                "files": [
                    "src/helpers.php"
                ],
                "psr-4": {
                    "Adbar\\": "src"
                }
            },
            "notification-url": "https://packagist.org/downloads/",
            "license": [
                "MIT"
            ],
            "authors": [
                {
                    "name": "Riku Särkinen",
                    "email": "riku@adbar.io"
                }
            ],
            "description": "PHP dot notation access to arrays",
            "homepage": "https://github.com/adbario/php-dot-notation",
            "keywords": [
                "ArrayAccess",
                "dotnotation"
            ],
            "time": "2019-01-01T23:59:15+00:00"
        },
        {
            "name": "alibabacloud/client",
            "version": "1.5.14",
            "source": {
                "type": "git",
                "url": "https://github.com/aliyun/openapi-sdk-php-client.git",
                "reference": "3a36a792052254b1d95a914bd316fc4e4bd05dd6"
            },
            "dist": {
                "type": "zip",
                "url": "https://api.github.com/repos/aliyun/openapi-sdk-php-client/zipball/3a36a792052254b1d95a914bd316fc4e4bd05dd6",
                "reference": "3a36a792052254b1d95a914bd316fc4e4bd05dd6",
                "shasum": ""
            },
            "require": {
                "adbario/php-dot-notation": "^2.2",
                "clagiordano/weblibs-configmanager": "^1.0",
                "danielstjules/stringy": "^3.1",
                "ext-curl": "*",
                "ext-json": "*",
                "ext-libxml": "*",
                "ext-mbstring": "*",
                "ext-openssl": "*",
                "ext-simplexml": "*",
                "ext-xmlwriter": "*",
                "guzzlehttp/guzzle": "^6.3",
                "mtdowling/jmespath.php": "^2.4",
                "php": ">=5.5"
            },
            "require-dev": {
                "composer/composer": "^1.8",
                "drupal/coder": "^8.3",
                "ext-dom": "*",
                "ext-pcre": "*",
                "ext-sockets": "*",
                "ext-spl": "*",
                "league/climate": "^3.2.4",
                "mikey179/vfsstream": "^1.6",
                "monolog/monolog": "^1.24",
                "phpunit/phpunit": "^4.8.35|^5.4.3",
                "psr/cache": "^1.0",
                "symfony/dotenv": "^3.4",
                "symfony/var-dumper": "^3.4"
            },
            "suggest": {
                "ext-sockets": "To use client-side monitoring"
            },
            "type": "library",
            "autoload": {
                "psr-4": {
                    "AlibabaCloud\\Client\\": "src"
                },
                "files": [
                    "src/Functions.php"
                ]
            },
            "notification-url": "https://packagist.org/downloads/",
            "license": [
                "Apache-2.0"
            ],
            "authors": [
                {
                    "name": "Alibaba Cloud SDK",
                    "email": "sdk-team@alibabacloud.com",
                    "homepage": "http://www.alibabacloud.com"
                }
            ],
            "description": "Alibaba Cloud Client for PHP - Use Alibaba Cloud in your PHP project",
            "homepage": "https://www.alibabacloud.com/",
            "keywords": [
                "alibaba",
                "alibabacloud",
                "aliyun",
                "client",
                "cloud",
                "library",
                "sdk",
                "tool"
            ],
            "time": "2019-07-25T13:45:41+00:00"
        },
        {
            "name": "alibabacloud/sdk",
            "version": "1.7.52",
            "source": {
                "type": "git",
                "url": "https://github.com/aliyun/openapi-sdk-php.git",
                "reference": "e2c5afee7aa426bb54d634983d8b0ac049ef2982"
            },
            "dist": {
                "type": "zip",
                "url": "https://api.github.com/repos/aliyun/openapi-sdk-php/zipball/e2c5afee7aa426bb54d634983d8b0ac049ef2982",
                "reference": "e2c5afee7aa426bb54d634983d8b0ac049ef2982",
                "shasum": ""
            },
            "require": {
                "alibabacloud/client": "^1.5",
                "ext-curl": "*",
                "ext-json": "*",
                "ext-libxml": "*",
                "ext-mbstring": "*",
                "ext-openssl": "*",
                "ext-simplexml": "*",
                "ext-xmlwriter": "*",
                "php": ">=5.5"
            },
            "replace": {
                "alibabacloud/aas": "self.version",
                "alibabacloud/actiontrail": "self.version",
                "alibabacloud/aegis": "self.version",
                "alibabacloud/afs": "self.version",
                "alibabacloud/airec": "self.version",
                "alibabacloud/alidns": "self.version",
                "alibabacloud/alikafka": "self.version",
                "alibabacloud/alimt": "self.version",
                "alibabacloud/aliprobe": "self.version",
                "alibabacloud/arms": "self.version",
                "alibabacloud/arms4finance": "self.version",
                "alibabacloud/baas": "self.version",
                "alibabacloud/batchcompute": "self.version",
                "alibabacloud/bss": "self.version",
                "alibabacloud/bssopenapi": "self.version",
                "alibabacloud/cas": "self.version",
                "alibabacloud/cbn": "self.version",
                "alibabacloud/ccc": "self.version",
                "alibabacloud/ccs": "self.version",
                "alibabacloud/cdn": "self.version",
                "alibabacloud/cds": "self.version",
                "alibabacloud/cf": "self.version",
                "alibabacloud/chatbot": "self.version",
                "alibabacloud/cloudapi": "self.version",
                "alibabacloud/cloudauth": "self.version",
                "alibabacloud/cloudesl": "self.version",
                "alibabacloud/cloudmarketing": "self.version",
                "alibabacloud/cloudphoto": "self.version",
                "alibabacloud/cloudwf": "self.version",
                "alibabacloud/cms": "self.version",
                "alibabacloud/commondriver": "self.version",
                "alibabacloud/companyreg": "self.version",
                "alibabacloud/cr": "self.version",
                "alibabacloud/crm": "self.version",
                "alibabacloud/cs": "self.version",
                "alibabacloud/csb": "self.version",
                "alibabacloud/cusanalyticsconline": "self.version",
                "alibabacloud/dataworkspublic": "self.version",
                "alibabacloud/dbs": "self.version",
                "alibabacloud/dcdn": "self.version",
                "alibabacloud/dds": "self.version",
                "alibabacloud/dm": "self.version",
                "alibabacloud/dmsenterprise": "self.version",
                "alibabacloud/domain": "self.version",
                "alibabacloud/domainintl": "self.version",
                "alibabacloud/drcloud": "self.version",
                "alibabacloud/drds": "self.version",
                "alibabacloud/dts": "self.version",
                "alibabacloud/dybaseapi": "self.version",
                "alibabacloud/dypnsapi": "self.version",
                "alibabacloud/dysmsapi": "self.version",
                "alibabacloud/dyvmsapi": "self.version",
                "alibabacloud/eci": "self.version",
                "alibabacloud/ecs": "self.version",
                "alibabacloud/ecsinc": "self.version",
                "alibabacloud/edas": "self.version",
                "alibabacloud/ehpc": "self.version",
                "alibabacloud/emr": "self.version",
                "alibabacloud/ess": "self.version",
                "alibabacloud/fnf": "self.version",
                "alibabacloud/foas": "self.version",
                "alibabacloud/ft": "self.version",
                "alibabacloud/gpdb": "self.version",
                "alibabacloud/green": "self.version",
                "alibabacloud/hpc": "self.version",
                "alibabacloud/hsm": "self.version",
                "alibabacloud/httpdns": "self.version",
                "alibabacloud/idst": "self.version",
                "alibabacloud/imagesearch": "self.version",
                "alibabacloud/imm": "self.version",
                "alibabacloud/industrybrain": "self.version",
                "alibabacloud/iot": "self.version",
                "alibabacloud/itaas": "self.version",
                "alibabacloud/ivision": "self.version",
                "alibabacloud/jaq": "self.version",
                "alibabacloud/jarvis": "self.version",
                "alibabacloud/jarvispublic": "self.version",
                "alibabacloud/kms": "self.version",
                "alibabacloud/linkedmall": "self.version",
                "alibabacloud/linkface": "self.version",
                "alibabacloud/linkwan": "self.version",
                "alibabacloud/live": "self.version",
                "alibabacloud/lubancloud": "self.version",
                "alibabacloud/lubanruler": "self.version",
                "alibabacloud/market": "self.version",
                "alibabacloud/mopen": "self.version",
                "alibabacloud/mts": "self.version",
                "alibabacloud/nas": "self.version",
                "alibabacloud/netana": "self.version",
                "alibabacloud/nlp": "self.version",
                "alibabacloud/nlscloudmeta": "self.version",
                "alibabacloud/nlsfiletrans": "self.version",
                "alibabacloud/ocs": "self.version",
                "alibabacloud/oms": "self.version",
                "alibabacloud/ons": "self.version",
                "alibabacloud/openanalytics": "self.version",
                "alibabacloud/ossadmin": "self.version",
                "alibabacloud/ots": "self.version",
                "alibabacloud/petadata": "self.version",
                "alibabacloud/polardb": "self.version",
                "alibabacloud/productcatalog": "self.version",
                "alibabacloud/pts": "self.version",
                "alibabacloud/push": "self.version",
                "alibabacloud/pvtz": "self.version",
                "alibabacloud/qualitycheck": "self.version",
                "alibabacloud/ram": "self.version",
                "alibabacloud/rds": "self.version",
                "alibabacloud/rkvstore": "self.version",
                "alibabacloud/ros": "self.version",
                "alibabacloud/rtc": "self.version",
                "alibabacloud/saf": "self.version",
                "alibabacloud/sas": "self.version",
                "alibabacloud/sasapi": "self.version",
                "alibabacloud/scdn": "self.version",
                "alibabacloud/skyeye": "self.version",
                "alibabacloud/slb": "self.version",
                "alibabacloud/smartag": "self.version",
                "alibabacloud/sms": "self.version",
                "alibabacloud/smsintl": "self.version",
                "alibabacloud/snsuapi": "self.version",
                "alibabacloud/sts": "self.version",
                "alibabacloud/taginner": "self.version",
                "alibabacloud/tesladam": "self.version",
                "alibabacloud/teslamaxcompute": "self.version",
                "alibabacloud/teslastream": "self.version",
                "alibabacloud/ubsms": "self.version",
                "alibabacloud/ubsmsinner": "self.version",
                "alibabacloud/uis": "self.version",
                "alibabacloud/vod": "self.version",
                "alibabacloud/vpc": "self.version",
                "alibabacloud/vs": "self.version",
                "alibabacloud/wafopenapi": "self.version",
                "alibabacloud/welfareinner": "self.version",
                "alibabacloud/xspace": "self.version",
                "alibabacloud/yqbridge": "self.version",
                "alibabacloud/yundun": "self.version"
            },
            "require-dev": {
                "composer/composer": "^1.8",
                "league/climate": "^3.2.4",
                "phpunit/phpunit": "^4.8",
                "symfony/dotenv": "^3.4",
                "symfony/var-dumper": "^3.4"
            },
            "suggest": {
                "ext-sockets": "To use client-side monitoring"
            },
            "type": "library",
            "autoload": {
                "psr-4": {
                    "AlibabaCloud\\": "src"
                }
            },
            "notification-url": "https://packagist.org/downloads/",
            "license": [
                "Apache-2.0"
            ],
            "authors": [
                {
                    "name": "Alibaba Cloud SDK",
                    "email": "sdk-team@alibabacloud.com",
                    "homepage": "http://www.alibabacloud.com"
                }
            ],
            "description": "Alibaba Cloud SDK for PHP - Easier to Use Alibaba Cloud in your PHP project",
            "homepage": "https://www.alibabacloud.com/",
            "keywords": [
                "alibaba",
                "alibabacloud",
                "aliyun",
                "cloud",
                "library",
                "sdk"
            ],
            "time": "2019-07-31T13:17:43+00:00"
        },
        {
            "name": "clagiordano/weblibs-configmanager",
            "version": "v1.0.6",
            "source": {
                "type": "git",
                "url": "https://github.com/clagiordano/weblibs-configmanager.git",
                "reference": "d1869310b9f57812581ff56cf4b456cbcc0d0516"
            },
            "dist": {
                "type": "zip",
                "url": "https://api.github.com/repos/clagiordano/weblibs-configmanager/zipball/d1869310b9f57812581ff56cf4b456cbcc0d0516",
                "reference": "d1869310b9f57812581ff56cf4b456cbcc0d0516",
                "shasum": ""
            },
            "require": {
                "php": ">=5.4"
            },
            "require-dev": {
                "phpunit/phpunit": "*"
            },
            "type": "library",
            "autoload": {
                "psr-4": {
                    "clagiordano\\weblibs\\configmanager\\": "src/"
                }
            },
            "notification-url": "https://packagist.org/downloads/",
            "license": [
                "LGPL-3.0"
            ],
            "authors": [
                {
                    "name": "Claudio Giordano",
                    "email": "claudio.giordano@autistici.org",
                    "role": "Developer"
                }
            ],
            "description": "weblibs-configmanager is a tool library for easily read and access to php config array file and direct read/write configuration file / object",
            "keywords": [
                "clagiordano",
                "configuration",
                "manager",
                "tool",
                "weblibs"
            ],
            "time": "2016-08-23T19:11:20+00:00"
        },
        {
            "name": "danielstjules/stringy",
            "version": "3.1.0",
            "source": {
                "type": "git",
                "url": "https://github.com/danielstjules/Stringy.git",
                "reference": "df24ab62d2d8213bbbe88cc36fc35a4503b4bd7e"
            },
            "dist": {
                "type": "zip",
                "url": "https://api.github.com/repos/danielstjules/Stringy/zipball/df24ab62d2d8213bbbe88cc36fc35a4503b4bd7e",
                "reference": "df24ab62d2d8213bbbe88cc36fc35a4503b4bd7e",
                "shasum": ""
            },
            "require": {
                "php": ">=5.4.0",
                "symfony/polyfill-mbstring": "~1.1"
            },
            "require-dev": {
                "phpunit/phpunit": "~4.0"
            },
            "type": "library",
            "autoload": {
                "psr-4": {
                    "Stringy\\": "src/"
                },
                "files": [
                    "src/Create.php"
                ]
            },
            "notification-url": "https://packagist.org/downloads/",
            "license": [
                "MIT"
            ],
            "authors": [
                {
                    "name": "Daniel St. Jules",
                    "email": "danielst.jules@gmail.com",
                    "homepage": "http://www.danielstjules.com"
                }
            ],
            "description": "A string manipulation library with multibyte support",
            "homepage": "https://github.com/danielstjules/Stringy",
            "keywords": [
                "UTF",
                "helpers",
                "manipulation",
                "methods",
                "multibyte",
                "string",
                "utf-8",
                "utility",
                "utils"
            ],
            "time": "2017-06-12T01:10:27+00:00"
        },
        {
            "name": "guzzlehttp/guzzle",
            "version": "6.3.3",
            "source": {
                "type": "git",
                "url": "https://github.com/guzzle/guzzle.git",
                "reference": "407b0cb880ace85c9b63c5f9551db498cb2d50ba"
            },
            "dist": {
                "type": "zip",
                "url": "https://api.github.com/repos/guzzle/guzzle/zipball/407b0cb880ace85c9b63c5f9551db498cb2d50ba",
                "reference": "407b0cb880ace85c9b63c5f9551db498cb2d50ba",
                "shasum": ""
            },
            "require": {
                "guzzlehttp/promises": "^1.0",
                "guzzlehttp/psr7": "^1.4",
                "php": ">=5.5"
            },
            "require-dev": {
                "ext-curl": "*",
                "phpunit/phpunit": "^4.8.35 || ^5.7 || ^6.4 || ^7.0",
                "psr/log": "^1.0"
            },
            "suggest": {
                "psr/log": "Required for using the Log middleware"
            },
            "type": "library",
            "extra": {
                "branch-alias": {
                    "dev-master": "6.3-dev"
                }
            },
            "autoload": {
                "files": [
                    "src/functions_include.php"
                ],
                "psr-4": {
                    "GuzzleHttp\\": "src/"
                }
            },
            "notification-url": "https://packagist.org/downloads/",
            "license": [
                "MIT"
            ],
            "authors": [
                {
                    "name": "Michael Dowling",
                    "email": "mtdowling@gmail.com",
                    "homepage": "https://github.com/mtdowling"
                }
            ],
            "description": "Guzzle is a PHP HTTP client library",
            "homepage": "http://guzzlephp.org/",
            "keywords": [
                "client",
                "curl",
                "framework",
                "http",
                "http client",
                "rest",
                "web service"
            ],
            "time": "2018-04-22T15:46:56+00:00"
        },
        {
            "name": "guzzlehttp/promises",
            "version": "v1.3.1",
            "source": {
                "type": "git",
                "url": "https://github.com/guzzle/promises.git",
                "reference": "a59da6cf61d80060647ff4d3eb2c03a2bc694646"
            },
            "dist": {
                "type": "zip",
                "url": "https://api.github.com/repos/guzzle/promises/zipball/a59da6cf61d80060647ff4d3eb2c03a2bc694646",
                "reference": "a59da6cf61d80060647ff4d3eb2c03a2bc694646",
                "shasum": ""
            },
            "require": {
                "php": ">=5.5.0"
            },
            "require-dev": {
                "phpunit/phpunit": "^4.0"
            },
            "type": "library",
            "extra": {
                "branch-alias": {
                    "dev-master": "1.4-dev"
                }
            },
            "autoload": {
                "psr-4": {
                    "GuzzleHttp\\Promise\\": "src/"
                },
                "files": [
                    "src/functions_include.php"
                ]
            },
            "notification-url": "https://packagist.org/downloads/",
            "license": [
                "MIT"
            ],
            "authors": [
                {
                    "name": "Michael Dowling",
                    "email": "mtdowling@gmail.com",
                    "homepage": "https://github.com/mtdowling"
                }
            ],
            "description": "Guzzle promises library",
            "keywords": [
                "promise"
            ],
            "time": "2016-12-20T10:07:11+00:00"
        },
        {
            "name": "guzzlehttp/psr7",
            "version": "1.6.1",
            "source": {
                "type": "git",
                "url": "https://github.com/guzzle/psr7.git",
                "reference": "239400de7a173fe9901b9ac7c06497751f00727a"
            },
            "dist": {
                "type": "zip",
                "url": "https://api.github.com/repos/guzzle/psr7/zipball/239400de7a173fe9901b9ac7c06497751f00727a",
                "reference": "239400de7a173fe9901b9ac7c06497751f00727a",
                "shasum": ""
            },
            "require": {
                "php": ">=5.4.0",
                "psr/http-message": "~1.0",
                "ralouphie/getallheaders": "^2.0.5 || ^3.0.0"
            },
            "provide": {
                "psr/http-message-implementation": "1.0"
            },
            "require-dev": {
                "ext-zlib": "*",
                "phpunit/phpunit": "~4.8.36 || ^5.7.27 || ^6.5.8"
            },
            "suggest": {
                "zendframework/zend-httphandlerrunner": "Emit PSR-7 responses"
            },
            "type": "library",
            "extra": {
                "branch-alias": {
                    "dev-master": "1.6-dev"
                }
            },
            "autoload": {
                "psr-4": {
                    "GuzzleHttp\\Psr7\\": "src/"
                },
                "files": [
                    "src/functions_include.php"
                ]
            },
            "notification-url": "https://packagist.org/downloads/",
            "license": [
                "MIT"
            ],
            "authors": [
                {
                    "name": "Michael Dowling",
                    "email": "mtdowling@gmail.com",
                    "homepage": "https://github.com/mtdowling"
                },
                {
                    "name": "Tobias Schultze",
                    "homepage": "https://github.com/Tobion"
                }
            ],
            "description": "PSR-7 message implementation that also provides common utility methods",
            "keywords": [
                "http",
                "message",
                "psr-7",
                "request",
                "response",
                "stream",
                "uri",
                "url"
            ],
            "time": "2019-07-01T23:21:34+00:00"
        },
        {
            "name": "mtdowling/jmespath.php",
            "version": "2.4.0",
            "source": {
                "type": "git",
                "url": "https://github.com/jmespath/jmespath.php.git",
                "reference": "adcc9531682cf87dfda21e1fd5d0e7a41d292fac"
            },
            "dist": {
                "type": "zip",
                "url": "https://api.github.com/repos/jmespath/jmespath.php/zipball/adcc9531682cf87dfda21e1fd5d0e7a41d292fac",
                "reference": "adcc9531682cf87dfda21e1fd5d0e7a41d292fac",
                "shasum": ""
            },
            "require": {
                "php": ">=5.4.0"
            },
            "require-dev": {
                "phpunit/phpunit": "~4.0"
            },
            "bin": [
                "bin/jp.php"
            ],
            "type": "library",
            "extra": {
                "branch-alias": {
                    "dev-master": "2.0-dev"
                }
            },
            "autoload": {
                "psr-4": {
                    "JmesPath\\": "src/"
                },
                "files": [
                    "src/JmesPath.php"
                ]
            },
            "notification-url": "https://packagist.org/downloads/",
            "license": [
                "MIT"
            ],
            "authors": [
                {
                    "name": "Michael Dowling",
                    "email": "mtdowling@gmail.com",
                    "homepage": "https://github.com/mtdowling"
                }
            ],
            "description": "Declaratively specify how to extract elements from a JSON document",
            "keywords": [
                "json",
                "jsonpath"
            ],
            "time": "2016-12-03T22:08:25+00:00"
        },
        {
            "name": "psr/http-message",
            "version": "1.0.1",
            "source": {
                "type": "git",
                "url": "https://github.com/php-fig/http-message.git",
                "reference": "f6561bf28d520154e4b0ec72be95418abe6d9363"
            },
            "dist": {
                "type": "zip",
                "url": "https://api.github.com/repos/php-fig/http-message/zipball/f6561bf28d520154e4b0ec72be95418abe6d9363",
                "reference": "f6561bf28d520154e4b0ec72be95418abe6d9363",
                "shasum": ""
            },
            "require": {
                "php": ">=5.3.0"
            },
            "type": "library",
            "extra": {
                "branch-alias": {
                    "dev-master": "1.0.x-dev"
                }
            },
            "autoload": {
                "psr-4": {
                    "Psr\\Http\\Message\\": "src/"
                }
            },
            "notification-url": "https://packagist.org/downloads/",
            "license": [
                "MIT"
            ],
            "authors": [
                {
                    "name": "PHP-FIG",
                    "homepage": "http://www.php-fig.org/"
                }
            ],
            "description": "Common interface for HTTP messages",
            "homepage": "https://github.com/php-fig/http-message",
            "keywords": [
                "http",
                "http-message",
                "psr",
                "psr-7",
                "request",
                "response"
            ],
            "time": "2016-08-06T14:39:51+00:00"
        },
        {
            "name": "ralouphie/getallheaders",
            "version": "3.0.3",
            "source": {
                "type": "git",
                "url": "https://github.com/ralouphie/getallheaders.git",
                "reference": "120b605dfeb996808c31b6477290a714d356e822"
            },
            "dist": {
                "type": "zip",
                "url": "https://api.github.com/repos/ralouphie/getallheaders/zipball/120b605dfeb996808c31b6477290a714d356e822",
                "reference": "120b605dfeb996808c31b6477290a714d356e822",
                "shasum": ""
            },
            "require": {
                "php": ">=5.6"
            },
            "require-dev": {
                "php-coveralls/php-coveralls": "^2.1",
                "phpunit/phpunit": "^5 || ^6.5"
            },
            "type": "library",
            "autoload": {
                "files": [
                    "src/getallheaders.php"
                ]
            },
            "notification-url": "https://packagist.org/downloads/",
            "license": [
                "MIT"
            ],
            "authors": [
                {
                    "name": "Ralph Khattar",
                    "email": "ralph.khattar@gmail.com"
                }
            ],
            "description": "A polyfill for getallheaders.",
            "time": "2019-03-08T08:55:37+00:00"
        },
        {
            "name": "symfony/polyfill-mbstring",
            "version": "v1.11.0",
            "source": {
                "type": "git",
                "url": "https://github.com/symfony/polyfill-mbstring.git",
                "reference": "fe5e94c604826c35a32fa832f35bd036b6799609"
            },
            "dist": {
                "type": "zip",
                "url": "https://api.github.com/repos/symfony/polyfill-mbstring/zipball/fe5e94c604826c35a32fa832f35bd036b6799609",
                "reference": "fe5e94c604826c35a32fa832f35bd036b6799609",
                "shasum": ""
            },
            "require": {
                "php": ">=5.3.3"
            },
            "suggest": {
                "ext-mbstring": "For best performance"
            },
            "type": "library",
            "extra": {
                "branch-alias": {
                    "dev-master": "1.11-dev"
                }
            },
            "autoload": {
                "psr-4": {
                    "Symfony\\Polyfill\\Mbstring\\": ""
                },
                "files": [
                    "bootstrap.php"
                ]
            },
            "notification-url": "https://packagist.org/downloads/",
            "license": [
                "MIT"
            ],
            "authors": [
                {
                    "name": "Nicolas Grekas",
                    "email": "p@tchwork.com"
                },
                {
                    "name": "Symfony Community",
                    "homepage": "https://symfony.com/contributors"
                }
            ],
            "description": "Symfony polyfill for the Mbstring extension",
            "homepage": "https://symfony.com",
            "keywords": [
                "compatibility",
                "mbstring",
                "polyfill",
                "portable",
                "shim"
            ],
            "time": "2019-02-06T07:57:58+00:00"
        }
    ],
    "packages-dev": [],
    "aliases": [],
    "minimum-stability": "stable",
    "stability-flags": [],
    "prefer-stable": false,
    "prefer-lowest": false,
    "platform": [],
    "platform-dev": []
}
